
Microsoft Visual Studio Solution File, Format Version 11.00
# Visual Basic Express 2010
Project("{F184B08F-C81C-45F6-A57F-5ABD9991F28F}") = "HoursSlept", "HoursSlept\HoursSlept.vbproj", "{0E96D538-04B0-4D42-BFC7-71A506B79A42}"
EndProject
Global
	GlobalSection(SolutionConfigurationPlatforms) = preSolution
		Debug|x86 = Debug|x86
		Release|x86 = Release|x86
	EndGlobalSection
	GlobalSection(ProjectConfigurationPlatforms) = postSolution
		{0E96D538-04B0-4D42-BFC7-71A506B79A42}.Debug|x86.ActiveCfg = Debug|x86
		{0E96D538-04B0-4D42-BFC7-71A506B79A42}.Debug|x86.Build.0 = Debug|x86
		{0E96D538-04B0-4D42-BFC7-71A506B79A42}.Release|x86.ActiveCfg = Release|x86
		{0E96D538-04B0-4D42-BFC7-71A506B79A42}.Release|x86.Build.0 = Release|x86
	EndGlobalSection
	GlobalSection(SolutionProperties) = preSolution
		HideSolutionNode = FALSE
	EndGlobalSection
EndGlobal
